
Microsoft Visual Studio Solution File, Format Version 12.00
# Visual Studio Version 17
VisualStudioVersion = 17.6.33829.357
MinimumVisualStudioVersion = 10.0.40219.1
Project("{FAE04EC0-301F-11D3-BF4B-00C04F79EFBC}") = "readerzone-api", "readerzone-api\readerzone-api.csproj", "{B9E84EA4-31BC-47ED-988C-A99500862242}"
EndProject
Global
	GlobalSection(SolutionConfigurationPlatforms) = preSolution
		Debug|Any CPU = Debug|Any CPU
		Release|Any CPU = Release|Any CPU
	EndGlobalSection
	GlobalSection(ProjectConfigurationPlatforms) = postSolution
		{B9E84EA4-31BC-47ED-988C-A99500862242}.Debug|Any CPU.ActiveCfg = Debug|Any CPU
		{B9E84EA4-31BC-47ED-988C-A99500862242}.Debug|Any CPU.Build.0 = Debug|Any CPU
		{B9E84EA4-31BC-47ED-988C-A99500862242}.Release|Any CPU.ActiveCfg = Release|Any CPU
		{B9E84EA4-31BC-47ED-988C-A99500862242}.Release|Any CPU.Build.0 = Release|Any CPU
	EndGlobalSection
	GlobalSection(SolutionProperties) = preSolution
		HideSolutionNode = FALSE
	EndGlobalSection
	GlobalSection(ExtensibilityGlobals) = postSolution
		SolutionGuid = {7ED57B22-2CD1-48AD-A758-0A076E38A4D1}
	EndGlobalSection
EndGlobal
